PODS:
  - FlutterMacOS (1.0.0)
  - realm (1.1.0):
    - FlutterMacOS

DEPENDENCIES:
  - FlutterMacOS (from `Flutter/ephemeral`)
  - realm (from `Flutter/ephemeral/.symlinks/plugins/realm/macos`)

EXTERNAL SOURCES:
  FlutterMacOS:
    :path: Flutter/ephemeral
  realm:
    :path: Flutter/ephemeral/.symlinks/plugins/realm/macos

SPEC CHECKSUMS:
  FlutterMacOS: 8f6f14fa908a6fb3fba0cd85dbd81ec4b251fb24
  realm: 80988a4b2e4e1ad4044c3c4b4bb5943542ecdb3c

PODFILE CHECKSUM: 2d0577b32f3e512b3df296b80562e6ba03596f3d

COCOAPODS: 1.11.3
