PODS:
  - Flutter (1.0.0)
  - realm (1.0.0):
    - Flutter

DEPENDENCIES:
  - Flutter (from `Flutter`)
  - realm (from `.symlinks/plugins/realm/ios`)

EXTERNAL SOURCES:
  Flutter:
    :path: Flutter
  realm:
    :path: ".symlinks/plugins/realm/ios"

SPEC CHECKSUMS:
  Flutter: f04841e97a9d0b0a8025694d0796dd46242b2854
  realm: 9d8c2e0aed2911069ae8cef2e9b00b7cc031b302

PODFILE CHECKSUM: ef19549a9bc3046e7bb7d2fab4d021637c0c58a3

COCOAPODS: 1.11.3
